// !$*UTF8*$!
{
	archiveVersion = 1;
	classes = {
	};
	objectVersion = 56;
	objects = {

/* Begin PBXBuildFile section */
		F15BA88429BE542200289A0C /* UIColorExt.swift in Sources */ = {isa = PBXBuildFile; fileRef = F15BA88329BE542200289A0C /* UIColorExt.swift */; };
		F15ED7E429C06EAC008BCEA3 /* UITextFieldExt.swift in Sources */ = {isa = PBXBuildFile; fileRef = F15ED7E329C06EAB008BCEA3 /* UITextFieldExt.swift */; };
		F15ED7E629C06EDE008BCEA3 /* UIButtonExt.swift in Sources */ = {isa = PBXBuildFile; fileRef = F15ED7E529C06EDE008BCEA3 /* UIButtonExt.swift */; };
		F15ED7E829C07206008BCEA3 /* UIViewControllerExt.swift in Sources */ = {isa = PBXBuildFile; fileRef = F15ED7E729C07206008BCEA3 /* UIViewControllerExt.swift */; };
		F15ED7EA29C0780C008BCEA3 /* UIScrollViewExt.swift in Sources */ = {isa = PBXBuildFile; fileRef = F15ED7E929C0780C008BCEA3 /* UIScrollViewExt.swift */; };
		F15ED7ED29C07D32008BCEA3 /* SignInViewController.swift in Sources */ = {isa = PBXBuildFile; fileRef = F15ED7EC29C07D32008BCEA3 /* SignInViewController.swift */; };
		F15ED7F229C0A945008BCEA3 /* FirebaseAnalytics in Frameworks */ = {isa = PBXBuildFile; productRef = F15ED7F129C0A945008BCEA3 /* FirebaseAnalytics */; };
		F15ED7F429C0A945008BCEA3 /* FirebaseAnalyticsSwift in Frameworks */ = {isa = PBXBuildFile; productRef = F15ED7F329C0A945008BCEA3 /* FirebaseAnalyticsSwift */; };
		F15ED7F629C0A945008BCEA3 /* FirebaseAnalyticsWithoutAdIdSupport in Frameworks */ = {isa = PBXBuildFile; productRef = F15ED7F529C0A945008BCEA3 /* FirebaseAnalyticsWithoutAdIdSupport */; };
		F15ED7F829C0A945008BCEA3 /* FirebaseAuth in Frameworks */ = {isa = PBXBuildFile; productRef = F15ED7F729C0A945008BCEA3 /* FirebaseAuth */; };
		F15ED7FA29C0A945008BCEA3 /* FirebaseAuthCombine-Community in Frameworks */ = {isa = PBXBuildFile; productRef = F15ED7F929C0A945008BCEA3 /* FirebaseAuthCombine-Community */; };
		F15ED7FC29C0A945008BCEA3 /* FirebaseCrashlytics in Frameworks */ = {isa = PBXBuildFile; productRef = F15ED7FB29C0A945008BCEA3 /* FirebaseCrashlytics */; };
		F15ED7FE29C0A945008BCEA3 /* FirebaseDatabase in Frameworks */ = {isa = PBXBuildFile; productRef = F15ED7FD29C0A945008BCEA3 /* FirebaseDatabase */; };
		F15ED80029C0A945008BCEA3 /* FirebaseDatabaseSwift in Frameworks */ = {isa = PBXBuildFile; productRef = F15ED7FF29C0A945008BCEA3 /* FirebaseDatabaseSwift */; };
		F15ED80229C0A945008BCEA3 /* FirebaseDynamicLinks in Frameworks */ = {isa = PBXBuildFile; productRef = F15ED80129C0A945008BCEA3 /* FirebaseDynamicLinks */; };
		F15ED80429C0A945008BCEA3 /* FirebaseFirestore in Frameworks */ = {isa = PBXBuildFile; productRef = F15ED80329C0A945008BCEA3 /* FirebaseFirestore */; };
		F15ED80629C0A945008BCEA3 /* FirebaseFirestoreSwift in Frameworks */ = {isa = PBXBuildFile; productRef = F15ED80529C0A945008BCEA3 /* FirebaseFirestoreSwift */; };
		F15ED80829C0A945008BCEA3 /* FirebaseFunctions in Frameworks */ = {isa = PBXBuildFile; productRef = F15ED80729C0A945008BCEA3 /* FirebaseFunctions */; };
		F15ED80A29C0A945008BCEA3 /* FirebaseInstallations in Frameworks */ = {isa = PBXBuildFile; productRef = F15ED80929C0A945008BCEA3 /* FirebaseInstallations */; };
		F15ED80C29C0A945008BCEA3 /* FirebasePerformance in Frameworks */ = {isa = PBXBuildFile; productRef = F15ED80B29C0A945008BCEA3 /* FirebasePerformance */; };
		F15ED80E29C0A945008BCEA3 /* FirebaseStorage in Frameworks */ = {isa = PBXBuildFile; productRef = F15ED80D29C0A945008BCEA3 /* FirebaseStorage */; };
		F15ED81129C0C98A008BCEA3 /* UserModel.swift in Sources */ = {isa = PBXBuildFile; fileRef = F15ED81029C0C98A008BCEA3 /* UserModel.swift */; };
		F15ED81529C1DC71008BCEA3 /* GoogleService-Info.plist in Resources */ = {isa = PBXBuildFile; fileRef = F15ED81429C1DC71008BCEA3 /* GoogleService-Info.plist */; };
		F15ED81729C273D9008BCEA3 /* SignUpViewModel.swift in Sources */ = {isa = PBXBuildFile; fileRef = F15ED81629C273D9008BCEA3 /* SignUpViewModel.swift */; };
		F15ED81A29C35679008BCEA3 /* MainScreenCViewController.swift in Sources */ = {isa = PBXBuildFile; fileRef = F15ED81929C35679008BCEA3 /* MainScreenCViewController.swift */; };
		F15ED81C29C35BDC008BCEA3 /* MainScreenModel.swift in Sources */ = {isa = PBXBuildFile; fileRef = F15ED81B29C35BDC008BCEA3 /* MainScreenModel.swift */; };
		F1630F0829C7B9B700F40978 /* SignInViewModel.swift in Sources */ = {isa = PBXBuildFile; fileRef = F1630F0729C7B9B700F40978 /* SignInViewModel.swift */; };
		F165F61829C465AD0081E479 /* MainScreenViewController.swift in Sources */ = {isa = PBXBuildFile; fileRef = F165F61729C465AD0081E479 /* MainScreenViewController.swift */; };
		F1E7EF83298ADB0200897C93 /* AppDelegate.swift in Sources */ = {isa = PBXBuildFile; fileRef = F1E7EF82298ADB0200897C93 /* AppDelegate.swift */; };
		F1E7EF85298ADB0200897C93 /* SceneDelegate.swift in Sources */ = {isa = PBXBuildFile; fileRef = F1E7EF84298ADB0200897C93 /* SceneDelegate.swift */; };
		F1E7EF87298ADB0200897C93 /* SignUpViewController.swift in Sources */ = {isa = PBXBuildFile; fileRef = F1E7EF86298ADB0200897C93 /* SignUpViewController.swift */; };
		F1E7EF8A298ADB0200897C93 /* Main.storyboard in Resources */ = {isa = PBXBuildFile; fileRef = F1E7EF88298ADB0200897C93 /* Main.storyboard */; };
		F1E7EF8C298ADB0400897C93 /* Assets.xcassets in Resources */ = {isa = PBXBuildFile; fileRef = F1E7EF8B298ADB0400897C93 /* Assets.xcassets */; };
		F1E7EF8F298ADB0400897C93 /* LaunchScreen.storyboard in Resources */ = {isa = PBXBuildFile; fileRef = F1E7EF8D298ADB0400897C93 /* LaunchScreen.storyboard */; };
/* End PBXBuildFile section */

/* Begin PBXFileReference section */
		F15BA88329BE542200289A0C /* UIColorExt.swift */ = {isa = PBXFileReference; lastKnownFileType = sourcecode.swift; path = UIColorExt.swift; sourceTree = "<group>"; };
		F15ED7E329C06EAB008BCEA3 /* UITextFieldExt.swift */ = {isa = PBXFileReference; lastKnownFileType = sourcecode.swift; path = UITextFieldExt.swift; sourceTree = "<group>"; };
		F15ED7E529C06EDE008BCEA3 /* UIButtonExt.swift */ = {isa = PBXFileReference; lastKnownFileType = sourcecode.swift; path = UIButtonExt.swift; sourceTree = "<group>"; };
		F15ED7E729C07206008BCEA3 /* UIViewControllerExt.swift */ = {isa = PBXFileReference; lastKnownFileType = sourcecode.swift; path = UIViewControllerExt.swift; sourceTree = "<group>"; };
		F15ED7E929C0780C008BCEA3 /* UIScrollViewExt.swift */ = {isa = PBXFileReference; lastKnownFileType = sourcecode.swift; path = UIScrollViewExt.swift; sourceTree = "<group>"; };
		F15ED7EC29C07D32008BCEA3 /* SignInViewController.swift */ = {isa = PBXFileReference; lastKnownFileType = sourcecode.swift; path = SignInViewController.swift; sourceTree = "<group>"; };
		F15ED81029C0C98A008BCEA3 /* UserModel.swift */ = {isa = PBXFileReference; lastKnownFileType = sourcecode.swift; path = UserModel.swift; sourceTree = "<group>"; };
		F15ED81429C1DC71008BCEA3 /* GoogleService-Info.plist */ = {isa = PBXFileReference; fileEncoding = 4; lastKnownFileType = text.plist.xml; path = "GoogleService-Info.plist"; sourceTree = "<group>"; };
		F15ED81629C273D9008BCEA3 /* SignUpViewModel.swift */ = {isa = PBXFileReference; lastKnownFileType = sourcecode.swift; path = SignUpViewModel.swift; sourceTree = "<group>"; };
		F15ED81929C35679008BCEA3 /* MainScreenCViewController.swift */ = {isa = PBXFileReference; lastKnownFileType = sourcecode.swift; path = MainScreenCViewController.swift; sourceTree = "<group>"; };
		F15ED81B29C35BDC008BCEA3 /* MainScreenModel.swift */ = {isa = PBXFileReference; lastKnownFileType = sourcecode.swift; path = MainScreenModel.swift; sourceTree = "<group>"; };
		F1630F0729C7B9B700F40978 /* SignInViewModel.swift */ = {isa = PBXFileReference; lastKnownFileType = sourcecode.swift; path = SignInViewModel.swift; sourceTree = "<group>"; };
		F165F61729C465AD0081E479 /* MainScreenViewController.swift */ = {isa = PBXFileReference; lastKnownFileType = sourcecode.swift; path = MainScreenViewController.swift; sourceTree = "<group>"; };
		F1E7EF7F298ADB0200897C93 /* MoviWatch.app */ = {isa = PBXFileReference; explicitFileType = wrapper.application; includeInIndex = 0; path = MoviWatch.app; sourceTree = BUILT_PRODUCTS_DIR; };
		F1E7EF82298ADB0200897C93 /* AppDelegate.swift */ = {isa = PBXFileReference; lastKnownFileType = sourcecode.swift; path = AppDelegate.swift; sourceTree = "<group>"; };
		F1E7EF84298ADB0200897C93 /* SceneDelegate.swift */ = {isa = PBXFileReference; lastKnownFileType = sourcecode.swift; path = SceneDelegate.swift; sourceTree = "<group>"; };
		F1E7EF86298ADB0200897C93 /* SignUpViewController.swift */ = {isa = PBXFileReference; lastKnownFileType = sourcecode.swift; path = SignUpViewController.swift; sourceTree = "<group>"; };
		F1E7EF89298ADB0200897C93 /* Base */ = {isa = PBXFileReference; lastKnownFileType = file.storyboard; name = Base; path = Base.lproj/Main.storyboard; sourceTree = "<group>"; };
		F1E7EF8B298ADB0400897C93 /* Assets.xcassets */ = {isa = PBXFileReference; lastKnownFileType = folder.assetcatalog; path = Assets.xcassets; sourceTree = "<group>"; };
		F1E7EF8E298ADB0400897C93 /* Base */ = {isa = PBXFileReference; lastKnownFileType = file.storyboard; name = Base; path = Base.lproj/LaunchScreen.storyboard; sourceTree = "<group>"; };
		F1E7EF90298ADB0400897C93 /* Info.plist */ = {isa = PBXFileReference; lastKnownFileType = text.plist.xml; path = Info.plist; sourceTree = "<group>"; };
/* End PBXFileReference section */

/* Begin PBXFrameworksBuildPhase section */
		F1E7EF7C298ADB0200897C93 /* Frameworks */ = {
			isa = PBXFrameworksBuildPhase;
			buildActionMask = 2147483647;
			files = (
				F15ED80C29C0A945008BCEA3 /* FirebasePerformance in Frameworks */,
				F15ED80029C0A945008BCEA3 /* FirebaseDatabaseSwift in Frameworks */,
				F15ED7F429C0A945008BCEA3 /* FirebaseAnalyticsSwift in Frameworks */,
				F15ED80A29C0A945008BCEA3 /* FirebaseInstallations in Frameworks */,
				F15ED7F629C0A945008BCEA3 /* FirebaseAnalyticsWithoutAdIdSupport in Frameworks */,
				F15ED80829C0A945008BCEA3 /* FirebaseFunctions in Frameworks */,
				F15ED80429C0A945008BCEA3 /* FirebaseFirestore in Frameworks */,
				F15ED7F229C0A945008BCEA3 /* FirebaseAnalytics in Frameworks */,
				F15ED80E29C0A945008BCEA3 /* FirebaseStorage in Frameworks */,
				F15ED80629C0A945008BCEA3 /* FirebaseFirestoreSwift in Frameworks */,
				F15ED7FC29C0A945008BCEA3 /* FirebaseCrashlytics in Frameworks */,
				F15ED80229C0A945008BCEA3 /* FirebaseDynamicLinks in Frameworks */,
				F15ED7F829C0A945008BCEA3 /* FirebaseAuth in Frameworks */,
				F15ED7FE29C0A945008BCEA3 /* FirebaseDatabase in Frameworks */,
				F15ED7FA29C0A945008BCEA3 /* FirebaseAuthCombine-Community in Frameworks */,
			);
			runOnlyForDeploymentPostprocessing = 0;
		};
/* End PBXFrameworksBuildPhase section */

/* Begin PBXGroup section */
		F139707029B66F3300F677DE /* Delegates */ = {
			isa = PBXGroup;
			children = (
				F1E7EF82298ADB0200897C93 /* AppDelegate.swift */,
				F1E7EF84298ADB0200897C93 /* SceneDelegate.swift */,
			);
			path = Delegates;
			sourceTree = "<group>";
		};
		F139707129B66F4600F677DE /* LaunchScreen */ = {
			isa = PBXGroup;
			children = (
				F1E7EF8D298ADB0400897C93 /* LaunchScreen.storyboard */,
			);
			path = LaunchScreen;
			sourceTree = "<group>";
		};
		F15BA88229BE540800289A0C /* Extension */ = {
			isa = PBXGroup;
			children = (
				F15BA88329BE542200289A0C /* UIColorExt.swift */,
				F15ED7E329C06EAB008BCEA3 /* UITextFieldExt.swift */,
				F15ED7E529C06EDE008BCEA3 /* UIButtonExt.swift */,
				F15ED7E729C07206008BCEA3 /* UIViewControllerExt.swift */,
				F15ED7E929C0780C008BCEA3 /* UIScrollViewExt.swift */,
			);
			path = Extension;
			sourceTree = "<group>";
		};
		F15BA88529BE543900289A0C /* SignUp */ = {
			isa = PBXGroup;
			children = (
				F1E7EF86298ADB0200897C93 /* SignUpViewController.swift */,
				F15ED81629C273D9008BCEA3 /* SignUpViewModel.swift */,
			);
			path = SignUp;
			sourceTree = "<group>";
		};
		F15BA88629BE545D00289A0C /* Views */ = {
			isa = PBXGroup;
			children = (
				F1E7EF88298ADB0200897C93 /* Main.storyboard */,
			);
			path = Views;
			sourceTree = "<group>";
		};
		F15ED7EB29C07D08008BCEA3 /* SignIn */ = {
			isa = PBXGroup;
			children = (
				F15ED7EC29C07D32008BCEA3 /* SignInViewController.swift */,
				F1630F0729C7B9B700F40978 /* SignInViewModel.swift */,
			);
			path = SignIn;
			sourceTree = "<group>";
		};
		F15ED80F29C0C945008BCEA3 /* Models */ = {
			isa = PBXGroup;
			children = (
				F15ED81029C0C98A008BCEA3 /* UserModel.swift */,
				F15ED81B29C35BDC008BCEA3 /* MainScreenModel.swift */,
			);
			path = Models;
			sourceTree = "<group>";
		};
		F15ED81829C3564B008BCEA3 /* Main screen */ = {
			isa = PBXGroup;
			children = (
				F15ED81929C35679008BCEA3 /* MainScreenCViewController.swift */,
				F165F61729C465AD0081E479 /* MainScreenViewController.swift */,
			);
			path = "Main screen";
			sourceTree = "<group>";
		};
		F1E7EF76298ADB0100897C93 = {
			isa = PBXGroup;
			children = (
				F1E7EF81298ADB0200897C93 /* MoviWatch */,
				F1E7EF80298ADB0200897C93 /* Products */,
			);
			sourceTree = "<group>";
		};
		F1E7EF80298ADB0200897C93 /* Products */ = {
			isa = PBXGroup;
			children = (
				F1E7EF7F298ADB0200897C93 /* MoviWatch.app */,
			);
			name = Products;
			sourceTree = "<group>";
		};
		F1E7EF81298ADB0200897C93 /* MoviWatch */ = {
			isa = PBXGroup;
			children = (
				F15ED80F29C0C945008BCEA3 /* Models */,
				F15BA88229BE540800289A0C /* Extension */,
				F15BA88529BE543900289A0C /* SignUp */,
				F15ED7EB29C07D08008BCEA3 /* SignIn */,
				F15ED81829C3564B008BCEA3 /* Main screen */,
				F15BA88629BE545D00289A0C /* Views */,
				F139707129B66F4600F677DE /* LaunchScreen */,
				F139707029B66F3300F677DE /* Delegates */,
				F1E7EF8B298ADB0400897C93 /* Assets.xcassets */,
				F1E7EF90298ADB0400897C93 /* Info.plist */,
				F15ED81429C1DC71008BCEA3 /* GoogleService-Info.plist */,
			);
			path = MoviWatch;
			sourceTree = "<group>";
		};
/* End PBXGroup section */

/* Begin PBXNativeTarget section */
		F1E7EF7E298ADB0200897C93 /* MoviWatch */ = {
			isa = PBXNativeTarget;
			buildConfigurationList = F1E7EF93298ADB0400897C93 /* Build configuration list for PBXNativeTarget "MoviWatch" */;
			buildPhases = (
				F1E7EF7B298ADB0200897C93 /* Sources */,
				F1E7EF7C298ADB0200897C93 /* Frameworks */,
				F1E7EF7D298ADB0200897C93 /* Resources */,
			);
			buildRules = (
			);
			dependencies = (
			);
			name = MoviWatch;
			packageProductDependencies = (
				F15ED7F129C0A945008BCEA3 /* FirebaseAnalytics */,
				F15ED7F329C0A945008BCEA3 /* FirebaseAnalyticsSwift */,
				F15ED7F529C0A945008BCEA3 /* FirebaseAnalyticsWithoutAdIdSupport */,
				F15ED7F729C0A945008BCEA3 /* FirebaseAuth */,
				F15ED7F929C0A945008BCEA3 /* FirebaseAuthCombine-Community */,
				F15ED7FB29C0A945008BCEA3 /* FirebaseCrashlytics */,
				F15ED7FD29C0A945008BCEA3 /* FirebaseDatabase */,
				F15ED7FF29C0A945008BCEA3 /* FirebaseDatabaseSwift */,
				F15ED80129C0A945008BCEA3 /* FirebaseDynamicLinks */,
				F15ED80329C0A945008BCEA3 /* FirebaseFirestore */,
				F15ED80529C0A945008BCEA3 /* FirebaseFirestoreSwift */,
				F15ED80729C0A945008BCEA3 /* FirebaseFunctions */,
				F15ED80929C0A945008BCEA3 /* FirebaseInstallations */,
				F15ED80B29C0A945008BCEA3 /* FirebasePerformance */,
				F15ED80D29C0A945008BCEA3 /* FirebaseStorage */,
			);
			productName = MoviWatch;
			productReference = F1E7EF7F298ADB0200897C93 /* MoviWatch.app */;
			productType = "com.apple.product-type.application";
		};
/* End PBXNativeTarget section */

/* Begin PBXProject section */
		F1E7EF77298ADB0100897C93 /* Project object */ = {
			isa = PBXProject;
			attributes = {
				BuildIndependentTargetsInParallel = 1;
				LastSwiftUpdateCheck = 1420;
				LastUpgradeCheck = 1420;
				TargetAttributes = {
					F1E7EF7E298ADB0200897C93 = {
						CreatedOnToolsVersion = 14.2;
					};
				};
			};
			buildConfigurationList = F1E7EF7A298ADB0100897C93 /* Build configuration list for PBXProject "MoviWatch" */;
			compatibilityVersion = "Xcode 14.0";
			developmentRegion = en;
			hasScannedForEncodings = 0;
			knownRegions = (
				en,
				Base,
			);
			mainGroup = F1E7EF76298ADB0100897C93;
			packageReferences = (
				F15ED7F029C0A945008BCEA3 /* XCRemoteSwiftPackageReference "firebase-ios-sdk" */,
			);
			productRefGroup = F1E7EF80298ADB0200897C93 /* Products */;
			projectDirPath = "";
			projectRoot = "";
			targets = (
				F1E7EF7E298ADB0200897C93 /* MoviWatch */,
			);
		};
/* End PBXProject section */

/* Begin PBXResourcesBuildPhase section */
		F1E7EF7D298ADB0200897C93 /* Resources */ = {
			isa = PBXResourcesBuildPhase;
			buildActionMask = 2147483647;
			files = (
				F1E7EF8F298ADB0400897C93 /* LaunchScreen.storyboard in Resources */,
				F15ED81529C1DC71008BCEA3 /* GoogleService-Info.plist in Resources */,
				F1E7EF8C298ADB0400897C93 /* Assets.xcassets in Resources */,
				F1E7EF8A298ADB0200897C93 /* Main.storyboard in Resources */,
			);
			runOnlyForDeploymentPostprocessing = 0;
		};
/* End PBXResourcesBuildPhase section */

/* Begin PBXSourcesBuildPhase section */
		F1E7EF7B298ADB0200897C93 /* Sources */ = {
			isa = PBXSourcesBuildPhase;
			buildActionMask = 2147483647;
			files = (
				F15ED7E429C06EAC008BCEA3 /* UITextFieldExt.swift in Sources */,
				F15ED7EA29C0780C008BCEA3 /* UIScrollViewExt.swift in Sources */,
				F15ED7E629C06EDE008BCEA3 /* UIButtonExt.swift in Sources */,
				F1E7EF87298ADB0200897C93 /* SignUpViewController.swift in Sources */,
				F15BA88429BE542200289A0C /* UIColorExt.swift in Sources */,
				F15ED81A29C35679008BCEA3 /* MainScreenCViewController.swift in Sources */,
				F15ED7ED29C07D32008BCEA3 /* SignInViewController.swift in Sources */,
				F1E7EF83298ADB0200897C93 /* AppDelegate.swift in Sources */,
				F15ED7E829C07206008BCEA3 /* UIViewControllerExt.swift in Sources */,
				F165F61829C465AD0081E479 /* MainScreenViewController.swift in Sources */,
				F15ED81129C0C98A008BCEA3 /* UserModel.swift in Sources */,
				F15ED81C29C35BDC008BCEA3 /* MainScreenModel.swift in Sources */,
				F15ED81729C273D9008BCEA3 /* SignUpViewModel.swift in Sources */,
				F1E7EF85298ADB0200897C93 /* SceneDelegate.swift in Sources */,
				F1630F0829C7B9B700F40978 /* SignInViewModel.swift in Sources */,
			);
			runOnlyForDeploymentPostprocessing = 0;
		};
/* End PBXSourcesBuildPhase section */

/* Begin PBXVariantGroup section */
		F1E7EF88298ADB0200897C93 /* Main.storyboard */ = {
			isa = PBXVariantGroup;
			children = (
				F1E7EF89298ADB0200897C93 /* Base */,
			);
			name = Main.storyboard;
			sourceTree = "<group>";
		};
		F1E7EF8D298ADB0400897C93 /* LaunchScreen.storyboard */ = {
			isa = PBXVariantGroup;
			children = (
				F1E7EF8E298ADB0400897C93 /* Base */,
			);
			name = LaunchScreen.storyboard;
			sourceTree = "<group>";
		};
/* End PBXVariantGroup section */

/* Begin XCBuildConfiguration section */
		F1E7EF91298ADB0400897C93 /* Debug */ = {
			isa = XCBuildConfiguration;
			buildSettings = {
				ALWAYS_SEARCH_USER_PATHS = NO;
				CLANG_ANALYZER_NONNULL = YES;
				CLANG_ANALYZER_NUMBER_OBJECT_CONVERSION = YES_AGGRESSIVE;
				CLANG_CXX_LANGUAGE_STANDARD = "gnu++20";
				CLANG_ENABLE_MODULES = YES;
				CLANG_ENABLE_OBJC_ARC = YES;
				CLANG_ENABLE_OBJC_WEAK = YES;
				CLANG_WARN_BLOCK_CAPTURE_AUTORELEASING = YES;
				CLANG_WARN_BOOL_CONVERSION = YES;
				CLANG_WARN_COMMA = YES;
				CLANG_WARN_CONSTANT_CONVERSION = YES;
				CLANG_WARN_DEPRECATED_OBJC_IMPLEMENTATIONS = YES;
				CLANG_WARN_DIRECT_OBJC_ISA_USAGE = YES_ERROR;
				CLANG_WARN_DOCUMENTATION_COMMENTS = YES;
				CLANG_WARN_EMPTY_BODY = YES;
				CLANG_WARN_ENUM_CONVERSION = YES;
				CLANG_WARN_INFINITE_RECURSION = YES;
				CLANG_WARN_INT_CONVERSION = YES;
				CLANG_WARN_NON_LITERAL_NULL_CONVERSION = YES;
				CLANG_WARN_OBJC_IMPLICIT_RETAIN_SELF = YES;
				CLANG_WARN_OBJC_LITERAL_CONVERSION = YES;
				CLANG_WARN_OBJC_ROOT_CLASS = YES_ERROR;
				CLANG_WARN_QUOTED_INCLUDE_IN_FRAMEWORK_HEADER = YES;
				CLANG_WARN_RANGE_LOOP_ANALYSIS = YES;
				CLANG_WARN_STRICT_PROTOTYPES = YES;
				CLANG_WARN_SUSPICIOUS_MOVE = YES;
				CLANG_WARN_UNGUARDED_AVAILABILITY = YES_AGGRESSIVE;
				CLANG_WARN_UNREACHABLE_CODE = YES;
				CLANG_WARN__DUPLICATE_METHOD_MATCH = YES;
				COPY_PHASE_STRIP = NO;
				DEBUG_INFORMATION_FORMAT = dwarf;
				ENABLE_STRICT_OBJC_MSGSEND = YES;
				ENABLE_TESTABILITY = YES;
				GCC_C_LANGUAGE_STANDARD = gnu11;
				GCC_DYNAMIC_NO_PIC = NO;
				GCC_NO_COMMON_BLOCKS = YES;
				GCC_OPTIMIZATION_LEVEL = 0;
				GCC_PREPROCESSOR_DEFINITIONS = (
					"DEBUG=1",
					"$(inherited)",
				);
				GCC_WARN_64_TO_32_BIT_CONVERSION = YES;
				GCC_WARN_ABOUT_RETURN_TYPE = YES_ERROR;
				GCC_WARN_UNDECLARED_SELECTOR = YES;
				GCC_WARN_UNINITIALIZED_AUTOS = YES_AGGRESSIVE;
				GCC_WARN_UNUSED_FUNCTION = YES;
				GCC_WARN_UNUSED_VARIABLE = YES;
				IPHONEOS_DEPLOYMENT_TARGET = 16.2;
				MTL_ENABLE_DEBUG_INFO = INCLUDE_SOURCE;
				MTL_FAST_MATH = YES;
				ONLY_ACTIVE_ARCH = YES;
				SDKROOT = iphoneos;
				SWIFT_ACTIVE_COMPILATION_CONDITIONS = DEBUG;
				SWIFT_OPTIMIZATION_LEVEL = "-Onone";
			};
			name = Debug;
		};
		F1E7EF92298ADB0400897C93 /* Release */ = {
			isa = XCBuildConfiguration;
			buildSettings = {
				ALWAYS_SEARCH_USER_PATHS = NO;
				CLANG_ANALYZER_NONNULL = YES;
				CLANG_ANALYZER_NUMBER_OBJECT_CONVERSION = YES_AGGRESSIVE;
				CLANG_CXX_LANGUAGE_STANDARD = "gnu++20";
				CLANG_ENABLE_MODULES = YES;
				CLANG_ENABLE_OBJC_ARC = YES;
				CLANG_ENABLE_OBJC_WEAK = YES;
				CLANG_WARN_BLOCK_CAPTURE_AUTORELEASING = YES;
				CLANG_WARN_BOOL_CONVERSION = YES;
				CLANG_WARN_COMMA = YES;
				CLANG_WARN_CONSTANT_CONVERSION = YES;
				CLANG_WARN_DEPRECATED_OBJC_IMPLEMENTATIONS = YES;
				CLANG_WARN_DIRECT_OBJC_ISA_USAGE = YES_ERROR;
				CLANG_WARN_DOCUMENTATION_COMMENTS = YES;
				CLANG_WARN_EMPTY_BODY = YES;
				CLANG_WARN_ENUM_CONVERSION = YES;
				CLANG_WARN_INFINITE_RECURSION = YES;
				CLANG_WARN_INT_CONVERSION = YES;
				CLANG_WARN_NON_LITERAL_NULL_CONVERSION = YES;
				CLANG_WARN_OBJC_IMPLICIT_RETAIN_SELF = YES;
				CLANG_WARN_OBJC_LITERAL_CONVERSION = YES;
				CLANG_WARN_OBJC_ROOT_CLASS = YES_ERROR;
				CLANG_WARN_QUOTED_INCLUDE_IN_FRAMEWORK_HEADER = YES;
				CLANG_WARN_RANGE_LOOP_ANALYSIS = YES;
				CLANG_WARN_STRICT_PROTOTYPES = YES;
				CLANG_WARN_SUSPICIOUS_MOVE = YES;
				CLANG_WARN_UNGUARDED_AVAILABILITY = YES_AGGRESSIVE;
				CLANG_WARN_UNREACHABLE_CODE = YES;
				CLANG_WARN__DUPLICATE_METHOD_MATCH = YES;
				COPY_PHASE_STRIP = NO;
				DEBUG_INFORMATION_FORMAT = "dwarf-with-dsym";
				ENABLE_NS_ASSERTIONS = NO;
				ENABLE_STRICT_OBJC_MSGSEND = YES;
				GCC_C_LANGUAGE_STANDARD = gnu11;
				GCC_NO_COMMON_BLOCKS = YES;
				GCC_WARN_64_TO_32_BIT_CONVERSION = YES;
				GCC_WARN_ABOUT_RETURN_TYPE = YES_ERROR;
				GCC_WARN_UNDECLARED_SELECTOR = YES;
				GCC_WARN_UNINITIALIZED_AUTOS = YES_AGGRESSIVE;
				GCC_WARN_UNUSED_FUNCTION = YES;
				GCC_WARN_UNUSED_VARIABLE = YES;
				IPHONEOS_DEPLOYMENT_TARGET = 16.2;
				MTL_ENABLE_DEBUG_INFO = NO;
				MTL_FAST_MATH = YES;
				SDKROOT = iphoneos;
				SWIFT_COMPILATION_MODE = wholemodule;
				SWIFT_OPTIMIZATION_LEVEL = "-O";
				VALIDATE_PRODUCT = YES;
			};
			name = Release;
		};
		F1E7EF94298ADB0400897C93 /* Debug */ = {
			isa = XCBuildConfiguration;
			buildSettings = {
				ASSETCATALOG_COMPILER_APPICON_NAME = AppIcon;
				ASSETCATALOG_COMPILER_GLOBAL_ACCENT_COLOR_NAME = AccentColor;
				CODE_SIGN_STYLE = Automatic;
				CURRENT_PROJECT_VERSION = 1;
				DEVELOPMENT_TEAM = 5RP4RS5KAM;
				GENERATE_INFOPLIST_FILE = YES;
				INFOPLIST_FILE = MoviWatch/Info.plist;
				INFOPLIST_KEY_UIApplicationSupportsIndirectInputEvents = YES;
				INFOPLIST_KEY_UILaunchStoryboardName = LaunchScreen;
				INFOPLIST_KEY_UIMainStoryboardFile = Main;
				INFOPLIST_KEY_UISupportedInterfaceOrientations_iPad = "UIInterfaceOrientationPortrait UIInterfaceOrientationPortraitUpsideDown UIInterfaceOrientationLandscapeLeft UIInterfaceOrientationLandscapeRight";
				INFOPLIST_KEY_UISupportedInterfaceOrientations_iPhone = "UIInterfaceOrientationPortrait UIInterfaceOrientationLandscapeLeft UIInterfaceOrientationLandscapeRight";
				LD_RUNPATH_SEARCH_PATHS = (
					"$(inherited)",
					"@executable_path/Frameworks",
				);
				MARKETING_VERSION = 1.0;
				PRODUCT_BUNDLE_IDENTIFIER = cpp.MoviWatch;
				PRODUCT_NAME = "$(TARGET_NAME)";
				SWIFT_EMIT_LOC_STRINGS = YES;
				SWIFT_VERSION = 5.0;
				TARGETED_DEVICE_FAMILY = "1,2";
			};
			name = Debug;
		};
		F1E7EF95298ADB0400897C93 /* Release */ = {
			isa = XCBuildConfiguration;
			buildSettings = {
				ASSETCATALOG_COMPILER_APPICON_NAME = AppIcon;
				ASSETCATALOG_COMPILER_GLOBAL_ACCENT_COLOR_NAME = AccentColor;
				CODE_SIGN_STYLE = Automatic;
				CURRENT_PROJECT_VERSION = 1;
				DEVELOPMENT_TEAM = 5RP4RS5KAM;
				GENERATE_INFOPLIST_FILE = YES;
				INFOPLIST_FILE = MoviWatch/Info.plist;
				INFOPLIST_KEY_UIApplicationSupportsIndirectInputEvents = YES;
				INFOPLIST_KEY_UILaunchStoryboardName = LaunchScreen;
				INFOPLIST_KEY_UIMainStoryboardFile = Main;
				INFOPLIST_KEY_UISupportedInterfaceOrientations_iPad = "UIInterfaceOrientationPortrait UIInterfaceOrientationPortraitUpsideDown UIInterfaceOrientationLandscapeLeft UIInterfaceOrientationLandscapeRight";
				INFOPLIST_KEY_UISupportedInterfaceOrientations_iPhone = "UIInterfaceOrientationPortrait UIInterfaceOrientationLandscapeLeft UIInterfaceOrientationLandscapeRight";
				LD_RUNPATH_SEARCH_PATHS = (
					"$(inherited)",
					"@executable_path/Frameworks",
				);
				MARKETING_VERSION = 1.0;
				PRODUCT_BUNDLE_IDENTIFIER = cpp.MoviWatch;
				PRODUCT_NAME = "$(TARGET_NAME)";
				SWIFT_EMIT_LOC_STRINGS = YES;
				SWIFT_VERSION = 5.0;
				TARGETED_DEVICE_FAMILY = "1,2";
			};
			name = Release;
		};
/* End XCBuildConfiguration section */

/* Begin XCConfigurationList section */
		F1E7EF7A298ADB0100897C93 /* Build configuration list for PBXProject "MoviWatch" */ = {
			isa = XCConfigurationList;
			buildConfigurations = (
				F1E7EF91298ADB0400897C93 /* Debug */,
				F1E7EF92298ADB0400897C93 /* Release */,
			);
			defaultConfigurationIsVisible = 0;
			defaultConfigurationName = Release;
		};
		F1E7EF93298ADB0400897C93 /* Build configuration list for PBXNativeTarget "MoviWatch" */ = {
			isa = XCConfigurationList;
			buildConfigurations = (
				F1E7EF94298ADB0400897C93 /* Debug */,
				F1E7EF95298ADB0400897C93 /* Release */,
			);
			defaultConfigurationIsVisible = 0;
			defaultConfigurationName = Release;
		};
/* End XCConfigurationList section */

/* Begin XCRemoteSwiftPackageReference section */
		F15ED7F029C0A945008BCEA3 /* XCRemoteSwiftPackageReference "firebase-ios-sdk" */ = {
			isa = XCRemoteSwiftPackageReference;
			repositoryURL = "https://github.com/firebase/firebase-ios-sdk";
			requirement = {
				kind = upToNextMajorVersion;
				minimumVersion = 10.6.0;
			};
		};
/* End XCRemoteSwiftPackageReference section */

/* Begin XCSwiftPackageProductDependency section */
		F15ED7F129C0A945008BCEA3 /* FirebaseAnalytics */ = {
			isa = XCSwiftPackageProductDependency;
			package = F15ED7F029C0A945008BCEA3 /* XCRemoteSwiftPackageReference "firebase-ios-sdk" */;
			productName = FirebaseAnalytics;
		};
		F15ED7F329C0A945008BCEA3 /* FirebaseAnalyticsSwift */ = {
			isa = XCSwiftPackageProductDependency;
			package = F15ED7F029C0A945008BCEA3 /* XCRemoteSwiftPackageReference "firebase-ios-sdk" */;
			productName = FirebaseAnalyticsSwift;
		};
		F15ED7F529C0A945008BCEA3 /* FirebaseAnalyticsWithoutAdIdSupport */ = {
			isa = XCSwiftPackageProductDependency;
			package = F15ED7F029C0A945008BCEA3 /* XCRemoteSwiftPackageReference "firebase-ios-sdk" */;
			productName = FirebaseAnalyticsWithoutAdIdSupport;
		};
		F15ED7F729C0A945008BCEA3 /* FirebaseAuth */ = {
			isa = XCSwiftPackageProductDependency;
			package = F15ED7F029C0A945008BCEA3 /* XCRemoteSwiftPackageReference "firebase-ios-sdk" */;
			productName = FirebaseAuth;
		};
		F15ED7F929C0A945008BCEA3 /* FirebaseAuthCombine-Community */ = {
			isa = XCSwiftPackageProductDependency;
			package = F15ED7F029C0A945008BCEA3 /* XCRemoteSwiftPackageReference "firebase-ios-sdk" */;
			productName = "FirebaseAuthCombine-Community";
		};
		F15ED7FB29C0A945008BCEA3 /* FirebaseCrashlytics */ = {
			isa = XCSwiftPackageProductDependency;
			package = F15ED7F029C0A945008BCEA3 /* XCRemoteSwiftPackageReference "firebase-ios-sdk" */;
			productName = FirebaseCrashlytics;
		};
		F15ED7FD29C0A945008BCEA3 /* FirebaseDatabase */ = {
			isa = XCSwiftPackageProductDependency;
			package = F15ED7F029C0A945008BCEA3 /* XCRemoteSwiftPackageReference "firebase-ios-sdk" */;
			productName = FirebaseDatabase;
		};
		F15ED7FF29C0A945008BCEA3 /* FirebaseDatabaseSwift */ = {
			isa = XCSwiftPackageProductDependency;
			package = F15ED7F029C0A945008BCEA3 /* XCRemoteSwiftPackageReference "firebase-ios-sdk" */;
			productName = FirebaseDatabaseSwift;
		};
		F15ED80129C0A945008BCEA3 /* FirebaseDynamicLinks */ = {
			isa = XCSwiftPackageProductDependency;
			package = F15ED7F029C0A945008BCEA3 /* XCRemoteSwiftPackageReference "firebase-ios-sdk" */;
			productName = FirebaseDynamicLinks;
		};
		F15ED80329C0A945008BCEA3 /* FirebaseFirestore */ = {
			isa = XCSwiftPackageProductDependency;
			package = F15ED7F029C0A945008BCEA3 /* XCRemoteSwiftPackageReference "firebase-ios-sdk" */;
			productName = FirebaseFirestore;
		};
		F15ED80529C0A945008BCEA3 /* FirebaseFirestoreSwift */ = {
			isa = XCSwiftPackageProductDependency;
			package = F15ED7F029C0A945008BCEA3 /* XCRemoteSwiftPackageReference "firebase-ios-sdk" */;
			productName = FirebaseFirestoreSwift;
		};
		F15ED80729C0A945008BCEA3 /* FirebaseFunctions */ = {
			isa = XCSwiftPackageProductDependency;
			package = F15ED7F029C0A945008BCEA3 /* XCRemoteSwiftPackageReference "firebase-ios-sdk" */;
			productName = FirebaseFunctions;
		};
		F15ED80929C0A945008BCEA3 /* FirebaseInstallations */ = {
			isa = XCSwiftPackageProductDependency;
			package = F15ED7F029C0A945008BCEA3 /* XCRemoteSwiftPackageReference "firebase-ios-sdk" */;
			productName = FirebaseInstallations;
		};
		F15ED80B29C0A945008BCEA3 /* FirebasePerformance */ = {
			isa = XCSwiftPackageProductDependency;
			package = F15ED7F029C0A945008BCEA3 /* XCRemoteSwiftPackageReference "firebase-ios-sdk" */;
			productName = FirebasePerformance;
		};
		F15ED80D29C0A945008BCEA3 /* FirebaseStorage */ = {
			isa = XCSwiftPackageProductDependency;
			package = F15ED7F029C0A945008BCEA3 /* XCRemoteSwiftPackageReference "firebase-ios-sdk" */;
			productName = FirebaseStorage;
		};
/* End XCSwiftPackageProductDependency section */
	};
	rootObject = F1E7EF77298ADB0100897C93 /* Project object */;
}
